// !$*UTF8*$!
{
	archiveVersion = 1;
	classes = {
	};
	objectVersion = 50;
	objects = {

/* Begin PBXBuildFile section */
		E2A5CBA423FD539100DE6749 /* AppDelegate.swift in Sources */ = {isa = PBXBuildFile; fileRef = E2A5CBA323FD539100DE6749 /* AppDelegate.swift */; };
		E2A5CBA623FD539100DE6749 /* SceneDelegate.swift in Sources */ = {isa = PBXBuildFile; fileRef = E2A5CBA523FD539100DE6749 /* SceneDelegate.swift */; };
		E2A5CBAB23FD539100DE6749 /* Main.storyboard in Resources */ = {isa = PBXBuildFile; fileRef = E2A5CBA923FD539100DE6749 /* Main.storyboard */; };
		E2A5CBAD23FD539200DE6749 /* Assets.xcassets in Resources */ = {isa = PBXBuildFile; fileRef = E2A5CBAC23FD539200DE6749 /* Assets.xcassets */; };
		E2A5CBB023FD539200DE6749 /* LaunchScreen.storyboard in Resources */ = {isa = PBXBuildFile; fileRef = E2A5CBAE23FD539200DE6749 /* LaunchScreen.storyboard */; };
		E2D413AB23FD5718005E7DEF /* ContactListTableViewController.swift in Sources */ = {isa = PBXBuildFile; fileRef = E2D413AA23FD5718005E7DEF /* ContactListTableViewController.swift */; };
		E2D413AD23FD58D3005E7DEF /* Person.swift in Sources */ = {isa = PBXBuildFile; fileRef = E2D413AC23FD58D3005E7DEF /* Person.swift */; };
		E2D413AF23FD5FFA005E7DEF /* ContactInfoViewController.swift in Sources */ = {isa = PBXBuildFile; fileRef = E2D413AE23FD5FFA005E7DEF /* ContactInfoViewController.swift */; };
/* End PBXBuildFile section */

/* Begin PBXFileReference section */
		E2A5CBA023FD539100DE6749 /* ContactList.app */ = {isa = PBXFileReference; explicitFileType = wrapper.application; includeInIndex = 0; path = ContactList.app; sourceTree = BUILT_PRODUCTS_DIR; };
		E2A5CBA323FD539100DE6749 /* AppDelegate.swift */ = {isa = PBXFileReference; lastKnownFileType = sourcecode.swift; path = AppDelegate.swift; sourceTree = "<group>"; };
		E2A5CBA523FD539100DE6749 /* SceneDelegate.swift */ = {isa = PBXFileReference; lastKnownFileType = sourcecode.swift; path = SceneDelegate.swift; sourceTree = "<group>"; };
		E2A5CBAA23FD539100DE6749 /* Base */ = {isa = PBXFileReference; lastKnownFileType = file.storyboard; name = Base; path = Base.lproj/Main.storyboard; sourceTree = "<group>"; };
		E2A5CBAC23FD539200DE6749 /* Assets.xcassets */ = {isa = PBXFileReference; lastKnownFileType = folder.assetcatalog; path = Assets.xcassets; sourceTree = "<group>"; };
		E2A5CBAF23FD539200DE6749 /* Base */ = {isa = PBXFileReference; lastKnownFileType = file.storyboard; name = Base; path = Base.lproj/LaunchScreen.storyboard; sourceTree = "<group>"; };
		E2A5CBB123FD539200DE6749 /* Info.plist */ = {isa = PBXFileReference; lastKnownFileType = text.plist.xml; path = Info.plist; sourceTree = "<group>"; };
		E2D413AA23FD5718005E7DEF /* ContactListTableViewController.swift */ = {isa = PBXFileReference; lastKnownFileType = sourcecode.swift; path = ContactListTableViewController.swift; sourceTree = "<group>"; };
		E2D413AC23FD58D3005E7DEF /* Person.swift */ = {isa = PBXFileReference; lastKnownFileType = sourcecode.swift; path = Person.swift; sourceTree = "<group>"; };
		E2D413AE23FD5FFA005E7DEF /* ContactInfoViewController.swift */ = {isa = PBXFileReference; lastKnownFileType = sourcecode.swift; path = ContactInfoViewController.swift; sourceTree = "<group>"; };
/* End PBXFileReference section */

/* Begin PBXFrameworksBuildPhase section */
		E2A5CB9D23FD539100DE6749 /* Frameworks */ = {
			isa = PBXFrameworksBuildPhase;
			buildActionMask = 2147483647;
			files = (
			);
			runOnlyForDeploymentPostprocessing = 0;
		};
/* End PBXFrameworksBuildPhase section */

/* Begin PBXGroup section */
		E2A5CB9723FD539100DE6749 = {
			isa = PBXGroup;
			children = (
				E2A5CBA223FD539100DE6749 /* ContactList */,
				E2A5CBA123FD539100DE6749 /* Products */,
			);
			sourceTree = "<group>";
		};
		E2A5CBA123FD539100DE6749 /* Products */ = {
			isa = PBXGroup;
			children = (
				E2A5CBA023FD539100DE6749 /* ContactList.app */,
			);
			name = Products;
			sourceTree = "<group>";
		};
		E2A5CBA223FD539100DE6749 /* ContactList */ = {
			isa = PBXGroup;
			children = (
				E2A5CBB923FD53DF00DE6749 /* Models */,
				E2A5CBB823FD53CF00DE6749 /* View Controllers */,
				E2A5CBB723FD53AE00DE6749 /* Storyboards */,
				E2A5CBAC23FD539200DE6749 /* Assets.xcassets */,
				E2A5CBBA23FD53ED00DE6749 /* Supports */,
			);
			path = ContactList;
			sourceTree = "<group>";
		};
		E2A5CBB723FD53AE00DE6749 /* Storyboards */ = {
			isa = PBXGroup;
			children = (
				E2A5CBA923FD539100DE6749 /* Main.storyboard */,
				E2A5CBAE23FD539200DE6749 /* LaunchScreen.storyboard */,
			);
			path = Storyboards;
			sourceTree = "<group>";
		};
		E2A5CBB823FD53CF00DE6749 /* View Controllers */ = {
			isa = PBXGroup;
			children = (
				E2D413AA23FD5718005E7DEF /* ContactListTableViewController.swift */,
				E2D413AE23FD5FFA005E7DEF /* ContactInfoViewController.swift */,
			);
			path = "View Controllers";
			sourceTree = "<group>";
		};
		E2A5CBB923FD53DF00DE6749 /* Models */ = {
			isa = PBXGroup;
			children = (
				E2D413AC23FD58D3005E7DEF /* Person.swift */,
			);
			path = Models;
			sourceTree = "<group>";
		};
		E2A5CBBA23FD53ED00DE6749 /* Supports */ = {
			isa = PBXGroup;
			children = (
				E2A5CBA323FD539100DE6749 /* AppDelegate.swift */,
				E2A5CBA523FD539100DE6749 /* SceneDelegate.swift */,
				E2A5CBB123FD539200DE6749 /* Info.plist */,
			);
			path = Supports;
			sourceTree = "<group>";
		};
/* End PBXGroup section */

/* Begin PBXNativeTarget section */
		E2A5CB9F23FD539100DE6749 /* ContactList */ = {
			isa = PBXNativeTarget;
			buildConfigurationList = E2A5CBB423FD539200DE6749 /* Build configuration list for PBXNativeTarget "ContactList" */;
			buildPhases = (
				E2A5CB9C23FD539100DE6749 /* Sources */,
				E2A5CB9D23FD539100DE6749 /* Frameworks */,
				E2A5CB9E23FD539100DE6749 /* Resources */,
			);
			buildRules = (
			);
			dependencies = (
			);
			name = ContactList;
			productName = ContactList;
			productReference = E2A5CBA023FD539100DE6749 /* ContactList.app */;
			productType = "com.apple.product-type.application";
		};
/* End PBXNativeTarget section */

/* Begin PBXProject section */
		E2A5CB9823FD539100DE6749 /* Project object */ = {
			isa = PBXProject;
			attributes = {
				LastSwiftUpdateCheck = 1110;
				LastUpgradeCheck = 1110;
				ORGANIZATIONNAME = "Valeria Khristinina";
				TargetAttributes = {
					E2A5CB9F23FD539100DE6749 = {
						CreatedOnToolsVersion = 11.1;
					};
				};
			};
			buildConfigurationList = E2A5CB9B23FD539100DE6749 /* Build configuration list for PBXProject "ContactList" */;
			compatibilityVersion = "Xcode 9.3";
			developmentRegion = en;
			hasScannedForEncodings = 0;
			knownRegions = (
				en,
				Base,
			);
			mainGroup = E2A5CB9723FD539100DE6749;
			productRefGroup = E2A5CBA123FD539100DE6749 /* Products */;
			projectDirPath = "";
			projectRoot = "";
			targets = (
				E2A5CB9F23FD539100DE6749 /* ContactList */,
			);
		};
/* End PBXProject section */

/* Begin PBXResourcesBuildPhase section */
		E2A5CB9E23FD539100DE6749 /* Resources */ = {
			isa = PBXResourcesBuildPhase;
			buildActionMask = 2147483647;
			files = (
				E2A5CBB023FD539200DE6749 /* LaunchScreen.storyboard in Resources */,
				E2A5CBAD23FD539200DE6749 /* Assets.xcassets in Resources */,
				E2A5CBAB23FD539100DE6749 /* Main.storyboard in Resources */,
			);
			runOnlyForDeploymentPostprocessing = 0;
		};
/* End PBXResourcesBuildPhase section */

/* Begin PBXSourcesBuildPhase section */
		E2A5CB9C23FD539100DE6749 /* Sources */ = {
			isa = PBXSourcesBuildPhase;
			buildActionMask = 2147483647;
			files = (
				E2A5CBA423FD539100DE6749 /* AppDelegate.swift in Sources */,
				E2D413AB23FD5718005E7DEF /* ContactListTableViewController.swift in Sources */,
				E2D413AD23FD58D3005E7DEF /* Person.swift in Sources */,
				E2D413AF23FD5FFA005E7DEF /* ContactInfoViewController.swift in Sources */,
				E2A5CBA623FD539100DE6749 /* SceneDelegate.swift in Sources */,
			);
			runOnlyForDeploymentPostprocessing = 0;
		};
/* End PBXSourcesBuildPhase section */

/* Begin PBXVariantGroup section */
		E2A5CBA923FD539100DE6749 /* Main.storyboard */ = {
			isa = PBXVariantGroup;
			children = (
				E2A5CBAA23FD539100DE6749 /* Base */,
			);
			name = Main.storyboard;
			sourceTree = "<group>";
		};
		E2A5CBAE23FD539200DE6749 /* LaunchScreen.storyboard */ = {
			isa = PBXVariantGroup;
			children = (
				E2A5CBAF23FD539200DE6749 /* Base */,
			);
			name = LaunchScreen.storyboard;
			sourceTree = "<group>";
		};
/* End PBXVariantGroup section */

/* Begin XCBuildConfiguration section */
		E2A5CBB223FD539200DE6749 /* Debug */ = {
			isa = XCBuildConfiguration;
			buildSettings = {
				ALWAYS_SEARCH_USER_PATHS = NO;
				CLANG_ANALYZER_NONNULL = YES;
				CLANG_ANALYZER_NUMBER_OBJECT_CONVERSION = YES_AGGRESSIVE;
				CLANG_CXX_LANGUAGE_STANDARD = "gnu++14";
				CLANG_CXX_LIBRARY = "libc++";
				CLANG_ENABLE_MODULES = YES;
				CLANG_ENABLE_OBJC_ARC = YES;
				CLANG_ENABLE_OBJC_WEAK = YES;
				CLANG_WARN_BLOCK_CAPTURE_AUTORELEASING = YES;
				CLANG_WARN_BOOL_CONVERSION = YES;
				CLANG_WARN_COMMA = YES;
				CLANG_WARN_CONSTANT_CONVERSION = YES;
				CLANG_WARN_DEPRECATED_OBJC_IMPLEMENTATIONS = YES;
				CLANG_WARN_DIRECT_OBJC_ISA_USAGE = YES_ERROR;
				CLANG_WARN_DOCUMENTATION_COMMENTS = YES;
				CLANG_WARN_EMPTY_BODY = YES;
				CLANG_WARN_ENUM_CONVERSION = YES;
				CLANG_WARN_INFINITE_RECURSION = YES;
				CLANG_WARN_INT_CONVERSION = YES;
				CLANG_WARN_NON_LITERAL_NULL_CONVERSION = YES;
				CLANG_WARN_OBJC_IMPLICIT_RETAIN_SELF = YES;
				CLANG_WARN_OBJC_LITERAL_CONVERSION = YES;
				CLANG_WARN_OBJC_ROOT_CLASS = YES_ERROR;
				CLANG_WARN_RANGE_LOOP_ANALYSIS = YES;
				CLANG_WARN_STRICT_PROTOTYPES = YES;
				CLANG_WARN_SUSPICIOUS_MOVE = YES;
				CLANG_WARN_UNGUARDED_AVAILABILITY = YES_AGGRESSIVE;
				CLANG_WARN_UNREACHABLE_CODE = YES;
				CLANG_WARN__DUPLICATE_METHOD_MATCH = YES;
				COPY_PHASE_STRIP = NO;
				DEBUG_INFORMATION_FORMAT = dwarf;
				ENABLE_STRICT_OBJC_MSGSEND = YES;
				ENABLE_TESTABILITY = YES;
				GCC_C_LANGUAGE_STANDARD = gnu11;
				GCC_DYNAMIC_NO_PIC = NO;
				GCC_NO_COMMON_BLOCKS = YES;
				GCC_OPTIMIZATION_LEVEL = 0;
				GCC_PREPROCESSOR_DEFINITIONS = (
					"DEBUG=1",
					"$(inherited)",
				);
				GCC_WARN_64_TO_32_BIT_CONVERSION = YES;
				GCC_WARN_ABOUT_RETURN_TYPE = YES_ERROR;
				GCC_WARN_UNDECLARED_SELECTOR = YES;
				GCC_WARN_UNINITIALIZED_AUTOS = YES_AGGRESSIVE;
				GCC_WARN_UNUSED_FUNCTION = YES;
				GCC_WARN_UNUSED_VARIABLE = YES;
				IPHONEOS_DEPLOYMENT_TARGET = 13.1;
				MTL_ENABLE_DEBUG_INFO = INCLUDE_SOURCE;
				MTL_FAST_MATH = YES;
				ONLY_ACTIVE_ARCH = YES;
				SDKROOT = iphoneos;
				SWIFT_ACTIVE_COMPILATION_CONDITIONS = DEBUG;
				SWIFT_OPTIMIZATION_LEVEL = "-Onone";
			};
			name = Debug;
		};
		E2A5CBB323FD539200DE6749 /* Release */ = {
			isa = XCBuildConfiguration;
			buildSettings = {
				ALWAYS_SEARCH_USER_PATHS = NO;
				CLANG_ANALYZER_NONNULL = YES;
				CLANG_ANALYZER_NUMBER_OBJECT_CONVERSION = YES_AGGRESSIVE;
				CLANG_CXX_LANGUAGE_STANDARD = "gnu++14";
				CLANG_CXX_LIBRARY = "libc++";
				CLANG_ENABLE_MODULES = YES;
				CLANG_ENABLE_OBJC_ARC = YES;
				CLANG_ENABLE_OBJC_WEAK = YES;
				CLANG_WARN_BLOCK_CAPTURE_AUTORELEASING = YES;
				CLANG_WARN_BOOL_CONVERSION = YES;
				CLANG_WARN_COMMA = YES;
				CLANG_WARN_CONSTANT_CONVERSION = YES;
				CLANG_WARN_DEPRECATED_OBJC_IMPLEMENTATIONS = YES;
				CLANG_WARN_DIRECT_OBJC_ISA_USAGE = YES_ERROR;
				CLANG_WARN_DOCUMENTATION_COMMENTS = YES;
				CLANG_WARN_EMPTY_BODY = YES;
				CLANG_WARN_ENUM_CONVERSION = YES;
				CLANG_WARN_INFINITE_RECURSION = YES;
				CLANG_WARN_INT_CONVERSION = YES;
				CLANG_WARN_NON_LITERAL_NULL_CONVERSION = YES;
				CLANG_WARN_OBJC_IMPLICIT_RETAIN_SELF = YES;
				CLANG_WARN_OBJC_LITERAL_CONVERSION = YES;
				CLANG_WARN_OBJC_ROOT_CLASS = YES_ERROR;
				CLANG_WARN_RANGE_LOOP_ANALYSIS = YES;
				CLANG_WARN_STRICT_PROTOTYPES = YES;
				CLANG_WARN_SUSPICIOUS_MOVE = YES;
				CLANG_WARN_UNGUARDED_AVAILABILITY = YES_AGGRESSIVE;
				CLANG_WARN_UNREACHABLE_CODE = YES;
				CLANG_WARN__DUPLICATE_METHOD_MATCH = YES;
				COPY_PHASE_STRIP = NO;
				DEBUG_INFORMATION_FORMAT = "dwarf-with-dsym";
				ENABLE_NS_ASSERTIONS = NO;
				ENABLE_STRICT_OBJC_MSGSEND = YES;
				GCC_C_LANGUAGE_STANDARD = gnu11;
				GCC_NO_COMMON_BLOCKS = YES;
				GCC_WARN_64_TO_32_BIT_CONVERSION = YES;
				GCC_WARN_ABOUT_RETURN_TYPE = YES_ERROR;
				GCC_WARN_UNDECLARED_SELECTOR = YES;
				GCC_WARN_UNINITIALIZED_AUTOS = YES_AGGRESSIVE;
				GCC_WARN_UNUSED_FUNCTION = YES;
				GCC_WARN_UNUSED_VARIABLE = YES;
				IPHONEOS_DEPLOYMENT_TARGET = 13.1;
				MTL_ENABLE_DEBUG_INFO = NO;
				MTL_FAST_MATH = YES;
				SDKROOT = iphoneos;
				SWIFT_COMPILATION_MODE = wholemodule;
				SWIFT_OPTIMIZATION_LEVEL = "-O";
				VALIDATE_PRODUCT = YES;
			};
			name = Release;
		};
		E2A5CBB523FD539200DE6749 /* Debug */ = {
			isa = XCBuildConfiguration;
			buildSettings = {
				ASSETCATALOG_COMPILER_APPICON_NAME = AppIcon;
				CODE_SIGN_STYLE = Automatic;
				DEVELOPMENT_TEAM = Y63NW9CJ4L;
				INFOPLIST_FILE = ContactList/Supports/Info.plist;
				LD_RUNPATH_SEARCH_PATHS = (
					"$(inherited)",
					"@executable_path/Frameworks",
				);
				PRODUCT_BUNDLE_IDENTIFIER = ru.vkhristinina.ContactList;
				PRODUCT_NAME = "$(TARGET_NAME)";
				SWIFT_VERSION = 5.0;
				TARGETED_DEVICE_FAMILY = 1;
			};
			name = Debug;
		};
		E2A5CBB623FD539200DE6749 /* Release */ = {
			isa = XCBuildConfiguration;
			buildSettings = {
				ASSETCATALOG_COMPILER_APPICON_NAME = AppIcon;
				CODE_SIGN_STYLE = Automatic;
				DEVELOPMENT_TEAM = Y63NW9CJ4L;
				INFOPLIST_FILE = ContactList/Supports/Info.plist;
				LD_RUNPATH_SEARCH_PATHS = (
					"$(inherited)",
					"@executable_path/Frameworks",
				);
				PRODUCT_BUNDLE_IDENTIFIER = ru.vkhristinina.ContactList;
				PRODUCT_NAME = "$(TARGET_NAME)";
				SWIFT_VERSION = 5.0;
				TARGETED_DEVICE_FAMILY = 1;
			};
			name = Release;
		};
/* End XCBuildConfiguration section */

/* Begin XCConfigurationList section */
		E2A5CB9B23FD539100DE6749 /* Build configuration list for PBXProject "ContactList" */ = {
			isa = XCConfigurationList;
			buildConfigurations = (
				E2A5CBB223FD539200DE6749 /* Debug */,
				E2A5CBB323FD539200DE6749 /* Release */,
			);
			defaultConfigurationIsVisible = 0;
			defaultConfigurationName = Release;
		};
		E2A5CBB423FD539200DE6749 /* Build configuration list for PBXNativeTarget "ContactList" */ = {
			isa = XCConfigurationList;
			buildConfigurations = (
				E2A5CBB523FD539200DE6749 /* Debug */,
				E2A5CBB623FD539200DE6749 /* Release */,
			);
			defaultConfigurationIsVisible = 0;
			defaultConfigurationName = Release;
		};
/* End XCConfigurationList section */
	};
	rootObject = E2A5CB9823FD539100DE6749 /* Project object */;
}
